// !$*UTF8*$!
{
	archiveVersion = 1;
	classes = {
	};
	objectVersion = 46;
	objects = {

/* Begin PBXBuildFile section */
		0ACA02251D7F84EC00175804 /* RecipeTableViewController.m in Sources */ = {isa = PBXBuildFile; fileRef = 0ACA02241D7F84EC00175804 /* RecipeTableViewController.m */; };
		0ACA02281D7F857500175804 /* ImagesCollectionViewController.m in Sources */ = {isa = PBXBuildFile; fileRef = 0ACA02271D7F857500175804 /* ImagesCollectionViewController.m */; };
		0ACA022B1D7F859800175804 /* TwitterViewController.m in Sources */ = {isa = PBXBuildFile; fileRef = 0ACA022A1D7F859800175804 /* TwitterViewController.m */; };
		0AF1BFCB1D7F56F300908302 /* main.m in Sources */ = {isa = PBXBuildFile; fileRef = 0AF1BFCA1D7F56F300908302 /* main.m */; };
		0AF1BFCE1D7F56F300908302 /* AppDelegate.m in Sources */ = {isa = PBXBuildFile; fileRef = 0AF1BFCD1D7F56F300908302 /* AppDelegate.m */; };
		0AF1BFD11D7F56F300908302 /* ViewController.m in Sources */ = {isa = PBXBuildFile; fileRef = 0AF1BFD01D7F56F300908302 /* ViewController.m */; };
		0AF1BFD41D7F56F300908302 /* Main.storyboard in Resources */ = {isa = PBXBuildFile; fileRef = 0AF1BFD21D7F56F300908302 /* Main.storyboard */; };
		0AF1BFD61D7F56F300908302 /* Assets.xcassets in Resources */ = {isa = PBXBuildFile; fileRef = 0AF1BFD51D7F56F300908302 /* Assets.xcassets */; };
		0AF1BFD91D7F56F300908302 /* LaunchScreen.storyboard in Resources */ = {isa = PBXBuildFile; fileRef = 0AF1BFD71D7F56F300908302 /* LaunchScreen.storyboard */; };
		0AF1BFE41D7F56F300908302 /* SinkOrSwimTests.m in Sources */ = {isa = PBXBuildFile; fileRef = 0AF1BFE31D7F56F300908302 /* SinkOrSwimTests.m */; };
		0AF1BFEF1D7F56F300908302 /* SinkOrSwimUITests.m in Sources */ = {isa = PBXBuildFile; fileRef = 0AF1BFEE1D7F56F300908302 /* SinkOrSwimUITests.m */; };
		7B97D7ED451D2E66845C3FB5 /* libPods-SinkOrSwim.a in Frameworks */ = {isa = PBXBuildFile; fileRef = 18F9D705EFAE10B61F91D9E1 /* libPods-SinkOrSwim.a */; };
		C71765E04DEA88B8FF321E63 /* libPods-SinkOrSwimUITests.a in Frameworks */ = {isa = PBXBuildFile; fileRef = 81CA562BF3A7B12A65C639D4 /* libPods-SinkOrSwimUITests.a */; };
		EDBAB731295AACF3281008AB /* libPods-SinkOrSwimTests.a in Frameworks */ = {isa = PBXBuildFile; fileRef = 49A64CE71B04D72E59E6588F /* libPods-SinkOrSwimTests.a */; };
/* End PBXBuildFile section */

/* Begin PBXContainerItemProxy section */
		0AF1BFE01D7F56F300908302 /* PBXContainerItemProxy */ = {
			isa = PBXContainerItemProxy;
			containerPortal = 0AF1BFBE1D7F56F300908302 /* Project object */;
			proxyType = 1;
			remoteGlobalIDString = 0AF1BFC51D7F56F300908302;
			remoteInfo = SinkOrSwim;
		};
		0AF1BFEB1D7F56F300908302 /* PBXContainerItemProxy */ = {
			isa = PBXContainerItemProxy;
			containerPortal = 0AF1BFBE1D7F56F300908302 /* Project object */;
			proxyType = 1;
			remoteGlobalIDString = 0AF1BFC51D7F56F300908302;
			remoteInfo = SinkOrSwim;
		};
/* End PBXContainerItemProxy section */

/* Begin PBXFileReference section */
		0ACA02231D7F84EC00175804 /* RecipeTableViewController.h */ = {isa = PBXFileReference; fileEncoding = 4; lastKnownFileType = sourcecode.c.h; path = RecipeTableViewController.h; sourceTree = "<group>"; };
		0ACA02241D7F84EC00175804 /* RecipeTableViewController.m */ = {isa = PBXFileReference; fileEncoding = 4; lastKnownFileType = sourcecode.c.objc; path = RecipeTableViewController.m; sourceTree = "<group>"; };
		0ACA02261D7F857500175804 /* ImagesCollectionViewController.h */ = {isa = PBXFileReference; fileEncoding = 4; lastKnownFileType = sourcecode.c.h; path = ImagesCollectionViewController.h; sourceTree = "<group>"; };
		0ACA02271D7F857500175804 /* ImagesCollectionViewController.m */ = {isa = PBXFileReference; fileEncoding = 4; lastKnownFileType = sourcecode.c.objc; path = ImagesCollectionViewController.m; sourceTree = "<group>"; };
		0ACA02291D7F859800175804 /* TwitterViewController.h */ = {isa = PBXFileReference; fileEncoding = 4; lastKnownFileType = sourcecode.c.h; path = TwitterViewController.h; sourceTree = "<group>"; };
		0ACA022A1D7F859800175804 /* TwitterViewController.m */ = {isa = PBXFileReference; fileEncoding = 4; lastKnownFileType = sourcecode.c.objc; path = TwitterViewController.m; sourceTree = "<group>"; };
		0AF1BFC61D7F56F300908302 /* SinkOrSwim.app */ = {isa = PBXFileReference; explicitFileType = wrapper.application; includeInIndex = 0; path = SinkOrSwim.app; sourceTree = BUILT_PRODUCTS_DIR; };
		0AF1BFCA1D7F56F300908302 /* main.m */ = {isa = PBXFileReference; lastKnownFileType = sourcecode.c.objc; path = main.m; sourceTree = "<group>"; };
		0AF1BFCC1D7F56F300908302 /* AppDelegate.h */ = {isa = PBXFileReference; lastKnownFileType = sourcecode.c.h; path = AppDelegate.h; sourceTree = "<group>"; };
		0AF1BFCD1D7F56F300908302 /* AppDelegate.m */ = {isa = PBXFileReference; lastKnownFileType = sourcecode.c.objc; path = AppDelegate.m; sourceTree = "<group>"; };
		0AF1BFCF1D7F56F300908302 /* ViewController.h */ = {isa = PBXFileReference; lastKnownFileType = sourcecode.c.h; path = ViewController.h; sourceTree = "<group>"; };
		0AF1BFD01D7F56F300908302 /* ViewController.m */ = {isa = PBXFileReference; lastKnownFileType = sourcecode.c.objc; path = ViewController.m; sourceTree = "<group>"; };
		0AF1BFD31D7F56F300908302 /* Base */ = {isa = PBXFileReference; lastKnownFileType = file.storyboard; name = Base; path = Base.lproj/Main.storyboard; sourceTree = "<group>"; };
		0AF1BFD51D7F56F300908302 /* Assets.xcassets */ = {isa = PBXFileReference; lastKnownFileType = folder.assetcatalog; path = Assets.xcassets; sourceTree = "<group>"; };
		0AF1BFD81D7F56F300908302 /* Base */ = {isa = PBXFileReference; lastKnownFileType = file.storyboard; name = Base; path = Base.lproj/LaunchScreen.storyboard; sourceTree = "<group>"; };
		0AF1BFDA1D7F56F300908302 /* Info.plist */ = {isa = PBXFileReference; lastKnownFileType = text.plist.xml; path = Info.plist; sourceTree = "<group>"; };
		0AF1BFDF1D7F56F300908302 /* SinkOrSwimTests.xctest */ = {isa = PBXFileReference; explicitFileType = wrapper.cfbundle; includeInIndex = 0; path = SinkOrSwimTests.xctest; sourceTree = BUILT_PRODUCTS_DIR; };
		0AF1BFE31D7F56F300908302 /* SinkOrSwimTests.m */ = {isa = PBXFileReference; lastKnownFileType = sourcecode.c.objc; path = SinkOrSwimTests.m; sourceTree = "<group>"; };
		0AF1BFE51D7F56F300908302 /* Info.plist */ = {isa = PBXFileReference; lastKnownFileType = text.plist.xml; path = Info.plist; sourceTree = "<group>"; };
		0AF1BFEA1D7F56F300908302 /* SinkOrSwimUITests.xctest */ = {isa = PBXFileReference; explicitFileType = wrapper.cfbundle; includeInIndex = 0; path = SinkOrSwimUITests.xctest; sourceTree = BUILT_PRODUCTS_DIR; };
		0AF1BFEE1D7F56F300908302 /* SinkOrSwimUITests.m */ = {isa = PBXFileReference; lastKnownFileType = sourcecode.c.objc; path = SinkOrSwimUITests.m; sourceTree = "<group>"; };
		0AF1BFF01D7F56F300908302 /* Info.plist */ = {isa = PBXFileReference; lastKnownFileType = text.plist.xml; path = Info.plist; sourceTree = "<group>"; };
		18F9D705EFAE10B61F91D9E1 /* libPods-SinkOrSwim.a */ = {isa = PBXFileReference; explicitFileType = archive.ar; includeInIndex = 0; path = "libPods-SinkOrSwim.a"; sourceTree = BUILT_PRODUCTS_DIR; };
		34A9A76AC5F99FDF4CDC4169 /* Pods-SinkOrSwim.release.xcconfig */ = {isa = PBXFileReference; includeInIndex = 1; lastKnownFileType = text.xcconfig; name = "Pods-SinkOrSwim.release.xcconfig"; path = "Pods/Target Support Files/Pods-SinkOrSwim/Pods-SinkOrSwim.release.xcconfig"; sourceTree = "<group>"; };
		3DE05E84568398B3332C6027 /* Pods-SinkOrSwimUITests.debug.xcconfig */ = {isa = PBXFileReference; includeInIndex = 1; lastKnownFileType = text.xcconfig; name = "Pods-SinkOrSwimUITests.debug.xcconfig"; path = "Pods/Target Support Files/Pods-SinkOrSwimUITests/Pods-SinkOrSwimUITests.debug.xcconfig"; sourceTree = "<group>"; };
		49A64CE71B04D72E59E6588F /* libPods-SinkOrSwimTests.a */ = {isa = PBXFileReference; explicitFileType = archive.ar; includeInIndex = 0; path = "libPods-SinkOrSwimTests.a"; sourceTree = BUILT_PRODUCTS_DIR; };
		81CA562BF3A7B12A65C639D4 /* libPods-SinkOrSwimUITests.a */ = {isa = PBXFileReference; explicitFileType = archive.ar; includeInIndex = 0; path = "libPods-SinkOrSwimUITests.a"; sourceTree = BUILT_PRODUCTS_DIR; };
		8A7C727AB22F599D62D787C2 /* Pods-SinkOrSwimUITests.release.xcconfig */ = {isa = PBXFileReference; includeInIndex = 1; lastKnownFileType = text.xcconfig; name = "Pods-SinkOrSwimUITests.release.xcconfig"; path = "Pods/Target Support Files/Pods-SinkOrSwimUITests/Pods-SinkOrSwimUITests.release.xcconfig"; sourceTree = "<group>"; };
		8E85BED9EFC3CB6A01C923B0 /* Pods-SinkOrSwim.debug.xcconfig */ = {isa = PBXFileReference; includeInIndex = 1; lastKnownFileType = text.xcconfig; name = "Pods-SinkOrSwim.debug.xcconfig"; path = "Pods/Target Support Files/Pods-SinkOrSwim/Pods-SinkOrSwim.debug.xcconfig"; sourceTree = "<group>"; };
		E26F32F5D133E69CBAF1BEC8 /* Pods-SinkOrSwimTests.debug.xcconfig */ = {isa = PBXFileReference; includeInIndex = 1; lastKnownFileType = text.xcconfig; name = "Pods-SinkOrSwimTests.debug.xcconfig"; path = "Pods/Target Support Files/Pods-SinkOrSwimTests/Pods-SinkOrSwimTests.debug.xcconfig"; sourceTree = "<group>"; };
		F53884787980B6557C04F9BD /* Pods-SinkOrSwimTests.release.xcconfig */ = {isa = PBXFileReference; includeInIndex = 1; lastKnownFileType = text.xcconfig; name = "Pods-SinkOrSwimTests.release.xcconfig"; path = "Pods/Target Support Files/Pods-SinkOrSwimTests/Pods-SinkOrSwimTests.release.xcconfig"; sourceTree = "<group>"; };
/* End PBXFileReference section */

/* Begin PBXFrameworksBuildPhase section */
		0AF1BFC31D7F56F300908302 /* Frameworks */ = {
			isa = PBXFrameworksBuildPhase;
			buildActionMask = 2147483647;
			files = (
				7B97D7ED451D2E66845C3FB5 /* libPods-SinkOrSwim.a in Frameworks */,
			);
			runOnlyForDeploymentPostprocessing = 0;
		};
		0AF1BFDC1D7F56F300908302 /* Frameworks */ = {
			isa = PBXFrameworksBuildPhase;
			buildActionMask = 2147483647;
			files = (
				EDBAB731295AACF3281008AB /* libPods-SinkOrSwimTests.a in Frameworks */,
			);
			runOnlyForDeploymentPostprocessing = 0;
		};
		0AF1BFE71D7F56F300908302 /* Frameworks */ = {
			isa = PBXFrameworksBuildPhase;
			buildActionMask = 2147483647;
			files = (
				C71765E04DEA88B8FF321E63 /* libPods-SinkOrSwimUITests.a in Frameworks */,
			);
			runOnlyForDeploymentPostprocessing = 0;
		};
/* End PBXFrameworksBuildPhase section */

/* Begin PBXGroup section */
		0AF1BFBD1D7F56F300908302 = {
			isa = PBXGroup;
			children = (
				0AF1BFC81D7F56F300908302 /* SinkOrSwim */,
				0AF1BFE21D7F56F300908302 /* SinkOrSwimTests */,
				0AF1BFED1D7F56F300908302 /* SinkOrSwimUITests */,
				0AF1BFC71D7F56F300908302 /* Products */,
				689E36CE73EBEC417C9465D5 /* Pods */,
				37C4106E3D1063379F3B74D6 /* Frameworks */,
			);
			sourceTree = "<group>";
		};
		0AF1BFC71D7F56F300908302 /* Products */ = {
			isa = PBXGroup;
			children = (
				0AF1BFC61D7F56F300908302 /* SinkOrSwim.app */,
				0AF1BFDF1D7F56F300908302 /* SinkOrSwimTests.xctest */,
				0AF1BFEA1D7F56F300908302 /* SinkOrSwimUITests.xctest */,
			);
			name = Products;
			sourceTree = "<group>";
		};
		0AF1BFC81D7F56F300908302 /* SinkOrSwim */ = {
			isa = PBXGroup;
			children = (
				0AF1BFCC1D7F56F300908302 /* AppDelegate.h */,
				0AF1BFCD1D7F56F300908302 /* AppDelegate.m */,
				0AF1BFCF1D7F56F300908302 /* ViewController.h */,
				0AF1BFD01D7F56F300908302 /* ViewController.m */,
				0AF1BFD21D7F56F300908302 /* Main.storyboard */,
				0AF1BFD51D7F56F300908302 /* Assets.xcassets */,
				0AF1BFD71D7F56F300908302 /* LaunchScreen.storyboard */,
				0AF1BFDA1D7F56F300908302 /* Info.plist */,
				0AF1BFC91D7F56F300908302 /* Supporting Files */,
				0ACA02231D7F84EC00175804 /* RecipeTableViewController.h */,
				0ACA02241D7F84EC00175804 /* RecipeTableViewController.m */,
				0ACA02261D7F857500175804 /* ImagesCollectionViewController.h */,
				0ACA02271D7F857500175804 /* ImagesCollectionViewController.m */,
				0ACA02291D7F859800175804 /* TwitterViewController.h */,
				0ACA022A1D7F859800175804 /* TwitterViewController.m */,
			);
			path = SinkOrSwim;
			sourceTree = "<group>";
		};
		0AF1BFC91D7F56F300908302 /* Supporting Files */ = {
			isa = PBXGroup;
			children = (
				0AF1BFCA1D7F56F300908302 /* main.m */,
			);
			name = "Supporting Files";
			sourceTree = "<group>";
		};
		0AF1BFE21D7F56F300908302 /* SinkOrSwimTests */ = {
			isa = PBXGroup;
			children = (
				0AF1BFE31D7F56F300908302 /* SinkOrSwimTests.m */,
				0AF1BFE51D7F56F300908302 /* Info.plist */,
			);
			path = SinkOrSwimTests;
			sourceTree = "<group>";
		};
		0AF1BFED1D7F56F300908302 /* SinkOrSwimUITests */ = {
			isa = PBXGroup;
			children = (
				0AF1BFEE1D7F56F300908302 /* SinkOrSwimUITests.m */,
				0AF1BFF01D7F56F300908302 /* Info.plist */,
			);
			path = SinkOrSwimUITests;
			sourceTree = "<group>";
		};
		37C4106E3D1063379F3B74D6 /* Frameworks */ = {
			isa = PBXGroup;
			children = (
				18F9D705EFAE10B61F91D9E1 /* libPods-SinkOrSwim.a */,
				49A64CE71B04D72E59E6588F /* libPods-SinkOrSwimTests.a */,
				81CA562BF3A7B12A65C639D4 /* libPods-SinkOrSwimUITests.a */,
			);
			name = Frameworks;
			sourceTree = "<group>";
		};
		689E36CE73EBEC417C9465D5 /* Pods */ = {
			isa = PBXGroup;
			children = (
				8E85BED9EFC3CB6A01C923B0 /* Pods-SinkOrSwim.debug.xcconfig */,
				34A9A76AC5F99FDF4CDC4169 /* Pods-SinkOrSwim.release.xcconfig */,
				E26F32F5D133E69CBAF1BEC8 /* Pods-SinkOrSwimTests.debug.xcconfig */,
				F53884787980B6557C04F9BD /* Pods-SinkOrSwimTests.release.xcconfig */,
				3DE05E84568398B3332C6027 /* Pods-SinkOrSwimUITests.debug.xcconfig */,
				8A7C727AB22F599D62D787C2 /* Pods-SinkOrSwimUITests.release.xcconfig */,
			);
			name = Pods;
			sourceTree = "<group>";
		};
/* End PBXGroup section */

/* Begin PBXNativeTarget section */
		0AF1BFC51D7F56F300908302 /* SinkOrSwim */ = {
			isa = PBXNativeTarget;
			buildConfigurationList = 0AF1BFF31D7F56F300908302 /* Build configuration list for PBXNativeTarget "SinkOrSwim" */;
			buildPhases = (
				BEE573816D5A0A3E583E7ABD /* [CP] Check Pods Manifest.lock */,
				0AF1BFC21D7F56F300908302 /* Sources */,
				0AF1BFC31D7F56F300908302 /* Frameworks */,
				0AF1BFC41D7F56F300908302 /* Resources */,
				DD38CB283F59D908D52A47AD /* [CP] Embed Pods Frameworks */,
				57474B569BFC26E83B0D0664 /* [CP] Copy Pods Resources */,
				0A682DAF1D833AC20090D740 /* ShellScript */,
			);
			buildRules = (
			);
			dependencies = (
			);
			name = SinkOrSwim;
			productName = SinkOrSwim;
			productReference = 0AF1BFC61D7F56F300908302 /* SinkOrSwim.app */;
			productType = "com.apple.product-type.application";
		};
		0AF1BFDE1D7F56F300908302 /* SinkOrSwimTests */ = {
			isa = PBXNativeTarget;
			buildConfigurationList = 0AF1BFF61D7F56F300908302 /* Build configuration list for PBXNativeTarget "SinkOrSwimTests" */;
			buildPhases = (
				0A84068D396A5D9EAAAEDF12 /* [CP] Check Pods Manifest.lock */,
				0AF1BFDB1D7F56F300908302 /* Sources */,
				0AF1BFDC1D7F56F300908302 /* Frameworks */,
				0AF1BFDD1D7F56F300908302 /* Resources */,
				CEC1243D7ACD23E28EC8F68C /* [CP] Embed Pods Frameworks */,
				5C9C0E704E3CAF25063D88D1 /* [CP] Copy Pods Resources */,
			);
			buildRules = (
			);
			dependencies = (
				0AF1BFE11D7F56F300908302 /* PBXTargetDependency */,
			);
			name = SinkOrSwimTests;
			productName = SinkOrSwimTests;
			productReference = 0AF1BFDF1D7F56F300908302 /* SinkOrSwimTests.xctest */;
			productType = "com.apple.product-type.bundle.unit-test";
		};
		0AF1BFE91D7F56F300908302 /* SinkOrSwimUITests */ = {
			isa = PBXNativeTarget;
			buildConfigurationList = 0AF1BFF91D7F56F300908302 /* Build configuration list for PBXNativeTarget "SinkOrSwimUITests" */;
			buildPhases = (
				74A1488C86F16F43C1D070BC /* [CP] Check Pods Manifest.lock */,
				0AF1BFE61D7F56F300908302 /* Sources */,
				0AF1BFE71D7F56F300908302 /* Frameworks */,
				0AF1BFE81D7F56F300908302 /* Resources */,
				88895B8CB8F2FE3FB7276E94 /* [CP] Copy Pods Resources */,
			);
			buildRules = (
			);
			dependencies = (
				0AF1BFEC1D7F56F300908302 /* PBXTargetDependency */,
			);
			name = SinkOrSwimUITests;
			productName = SinkOrSwimUITests;
			productReference = 0AF1BFEA1D7F56F300908302 /* SinkOrSwimUITests.xctest */;
			productType = "com.apple.product-type.bundle.ui-testing";
		};
/* End PBXNativeTarget section */

/* Begin PBXProject section */
		0AF1BFBE1D7F56F300908302 /* Project object */ = {
			isa = PBXProject;
			attributes = {
				LastUpgradeCheck = 0730;
				ORGANIZATIONNAME = "Jacob Adkins";
				TargetAttributes = {
					0AF1BFC51D7F56F300908302 = {
						CreatedOnToolsVersion = 7.3.1;
					};
					0AF1BFDE1D7F56F300908302 = {
						CreatedOnToolsVersion = 7.3.1;
						TestTargetID = 0AF1BFC51D7F56F300908302;
					};
					0AF1BFE91D7F56F300908302 = {
						CreatedOnToolsVersion = 7.3.1;
						TestTargetID = 0AF1BFC51D7F56F300908302;
					};
				};
			};
			buildConfigurationList = 0AF1BFC11D7F56F300908302 /* Build configuration list for PBXProject "SinkOrSwim" */;
			compatibilityVersion = "Xcode 3.2";
			developmentRegion = English;
			hasScannedForEncodings = 0;
			knownRegions = (
				en,
				Base,
			);
			mainGroup = 0AF1BFBD1D7F56F300908302;
			productRefGroup = 0AF1BFC71D7F56F300908302 /* Products */;
			projectDirPath = "";
			projectRoot = "";
			targets = (
				0AF1BFC51D7F56F300908302 /* SinkOrSwim */,
				0AF1BFDE1D7F56F300908302 /* SinkOrSwimTests */,
				0AF1BFE91D7F56F300908302 /* SinkOrSwimUITests */,
			);
		};
/* End PBXProject section */

/* Begin PBXResourcesBuildPhase section */
		0AF1BFC41D7F56F300908302 /* Resources */ = {
			isa = PBXResourcesBuildPhase;
			buildActionMask = 2147483647;
			files = (
				0AF1BFD91D7F56F300908302 /* LaunchScreen.storyboard in Resources */,
				0AF1BFD61D7F56F300908302 /* Assets.xcassets in Resources */,
				0AF1BFD41D7F56F300908302 /* Main.storyboard in Resources */,
			);
			runOnlyForDeploymentPostprocessing = 0;
		};
		0AF1BFDD1D7F56F300908302 /* Resources */ = {
			isa = PBXResourcesBuildPhase;
			buildActionMask = 2147483647;
			files = (
			);
			runOnlyForDeploymentPostprocessing = 0;
		};
		0AF1BFE81D7F56F300908302 /* Resources */ = {
			isa = PBXResourcesBuildPhase;
			buildActionMask = 2147483647;
			files = (
			);
			runOnlyForDeploymentPostprocessing = 0;
		};
/* End PBXResourcesBuildPhase section */

/* Begin PBXShellScriptBuildPhase section */
		0A682DAF1D833AC20090D740 /* ShellScript */ = {
			isa = PBXShellScriptBuildPhase;
			buildActionMask = 2147483647;
			files = (
			);
			inputPaths = (
			);
			outputPaths = (
			);
			runOnlyForDeploymentPostprocessing = 0;
			shellPath = /bin/sh;
			shellScript = "\"${PODS_ROOT}/Fabric/run\" a89cb9ae4724dafa0bd352dda69471d535f807f3 eb17fd4529e423b1ca176494e5e7efd71540ecf6120d7d86ac827b8e88e39c54";
		};
		0A84068D396A5D9EAAAEDF12 /* [CP] Check Pods Manifest.lock */ = {
			isa = PBXShellScriptBuildPhase;
			buildActionMask = 2147483647;
			files = (
			);
			inputPaths = (
			);
			name = "[CP] Check Pods Manifest.lock";
			outputPaths = (
			);
			runOnlyForDeploymentPostprocessing = 0;
			shellPath = /bin/sh;
			shellScript = "diff \"${PODS_ROOT}/../Podfile.lock\" \"${PODS_ROOT}/Manifest.lock\" > /dev/null\nif [[ $? != 0 ]] ; then\n    cat << EOM\nerror: The sandbox is not in sync with the Podfile.lock. Run 'pod install' or update your CocoaPods installation.\nEOM\n    exit 1\nfi\n";
			showEnvVarsInLog = 0;
		};
		57474B569BFC26E83B0D0664 /* [CP] Copy Pods Resources */ = {
			isa = PBXShellScriptBuildPhase;
			buildActionMask = 2147483647;
			files = (
			);
			inputPaths = (
			);
			name = "[CP] Copy Pods Resources";
			outputPaths = (
			);
			runOnlyForDeploymentPostprocessing = 0;
			shellPath = /bin/sh;
			shellScript = "\"${SRCROOT}/Pods/Target Support Files/Pods-SinkOrSwim/Pods-SinkOrSwim-resources.sh\"\n";
			showEnvVarsInLog = 0;
		};
		5C9C0E704E3CAF25063D88D1 /* [CP] Copy Pods Resources */ = {
			isa = PBXShellScriptBuildPhase;
			buildActionMask = 2147483647;
			files = (
			);
			inputPaths = (
			);
			name = "[CP] Copy Pods Resources";
			outputPaths = (
			);
			runOnlyForDeploymentPostprocessing = 0;
			shellPath = /bin/sh;
			shellScript = "\"${SRCROOT}/Pods/Target Support Files/Pods-SinkOrSwimTests/Pods-SinkOrSwimTests-resources.sh\"\n";
			showEnvVarsInLog = 0;
		};
		74A1488C86F16F43C1D070BC /* [CP] Check Pods Manifest.lock */ = {
			isa = PBXShellScriptBuildPhase;
			buildActionMask = 2147483647;
			files = (
			);
			inputPaths = (
			);
			name = "[CP] Check Pods Manifest.lock";
			outputPaths = (
			);
			runOnlyForDeploymentPostprocessing = 0;
			shellPath = /bin/sh;
			shellScript = "diff \"${PODS_ROOT}/../Podfile.lock\" \"${PODS_ROOT}/Manifest.lock\" > /dev/null\nif [[ $? != 0 ]] ; then\n    cat << EOM\nerror: The sandbox is not in sync with the Podfile.lock. Run 'pod install' or update your CocoaPods installation.\nEOM\n    exit 1\nfi\n";
			showEnvVarsInLog = 0;
		};
		88895B8CB8F2FE3FB7276E94 /* [CP] Copy Pods Resources */ = {
			isa = PBXShellScriptBuildPhase;
			buildActionMask = 2147483647;
			files = (
			);
			inputPaths = (
			);
			name = "[CP] Copy Pods Resources";
			outputPaths = (
			);
			runOnlyForDeploymentPostprocessing = 0;
			shellPath = /bin/sh;
			shellScript = "\"${SRCROOT}/Pods/Target Support Files/Pods-SinkOrSwimUITests/Pods-SinkOrSwimUITests-resources.sh\"\n";
			showEnvVarsInLog = 0;
		};
		BEE573816D5A0A3E583E7ABD /* [CP] Check Pods Manifest.lock */ = {
			isa = PBXShellScriptBuildPhase;
			buildActionMask = 2147483647;
			files = (
			);
			inputPaths = (
			);
			name = "[CP] Check Pods Manifest.lock";
			outputPaths = (
			);
			runOnlyForDeploymentPostprocessing = 0;
			shellPath = /bin/sh;
			shellScript = "diff \"${PODS_ROOT}/../Podfile.lock\" \"${PODS_ROOT}/Manifest.lock\" > /dev/null\nif [[ $? != 0 ]] ; then\n    cat << EOM\nerror: The sandbox is not in sync with the Podfile.lock. Run 'pod install' or update your CocoaPods installation.\nEOM\n    exit 1\nfi\n";
			showEnvVarsInLog = 0;
		};
		CEC1243D7ACD23E28EC8F68C /* [CP] Embed Pods Frameworks */ = {
			isa = PBXShellScriptBuildPhase;
			buildActionMask = 2147483647;
			files = (
			);
			inputPaths = (
			);
			name = "[CP] Embed Pods Frameworks";
			outputPaths = (
			);
			runOnlyForDeploymentPostprocessing = 0;
			shellPath = /bin/sh;
			shellScript = "\"${SRCROOT}/Pods/Target Support Files/Pods-SinkOrSwimTests/Pods-SinkOrSwimTests-frameworks.sh\"\n";
			showEnvVarsInLog = 0;
		};
		DD38CB283F59D908D52A47AD /* [CP] Embed Pods Frameworks */ = {
			isa = PBXShellScriptBuildPhase;
			buildActionMask = 2147483647;
			files = (
			);
			inputPaths = (
			);
			name = "[CP] Embed Pods Frameworks";
			outputPaths = (
			);
			runOnlyForDeploymentPostprocessing = 0;
			shellPath = /bin/sh;
			shellScript = "\"${SRCROOT}/Pods/Target Support Files/Pods-SinkOrSwim/Pods-SinkOrSwim-frameworks.sh\"\n";
			showEnvVarsInLog = 0;
		};
/* End PBXShellScriptBuildPhase section */

/* Begin PBXSourcesBuildPhase section */
		0AF1BFC21D7F56F300908302 /* Sources */ = {
			isa = PBXSourcesBuildPhase;
			buildActionMask = 2147483647;
			files = (
				0AF1BFD11D7F56F300908302 /* ViewController.m in Sources */,
				0ACA02251D7F84EC00175804 /* RecipeTableViewController.m in Sources */,
				0AF1BFCE1D7F56F300908302 /* AppDelegate.m in Sources */,
				0ACA02281D7F857500175804 /* ImagesCollectionViewController.m in Sources */,
				0ACA022B1D7F859800175804 /* TwitterViewController.m in Sources */,
				0AF1BFCB1D7F56F300908302 /* main.m in Sources */,
			);
			runOnlyForDeploymentPostprocessing = 0;
		};
		0AF1BFDB1D7F56F300908302 /* Sources */ = {
			isa = PBXSourcesBuildPhase;
			buildActionMask = 2147483647;
			files = (
				0AF1BFE41D7F56F300908302 /* SinkOrSwimTests.m in Sources */,
			);
			runOnlyForDeploymentPostprocessing = 0;
		};
		0AF1BFE61D7F56F300908302 /* Sources */ = {
			isa = PBXSourcesBuildPhase;
			buildActionMask = 2147483647;
			files = (
				0AF1BFEF1D7F56F300908302 /* SinkOrSwimUITests.m in Sources */,
			);
			runOnlyForDeploymentPostprocessing = 0;
		};
/* End PBXSourcesBuildPhase section */

/* Begin PBXTargetDependency section */
		0AF1BFE11D7F56F300908302 /* PBXTargetDependency */ = {
			isa = PBXTargetDependency;
			target = 0AF1BFC51D7F56F300908302 /* SinkOrSwim */;
			targetProxy = 0AF1BFE01D7F56F300908302 /* PBXContainerItemProxy */;
		};
		0AF1BFEC1D7F56F300908302 /* PBXTargetDependency */ = {
			isa = PBXTargetDependency;
			target = 0AF1BFC51D7F56F300908302 /* SinkOrSwim */;
			targetProxy = 0AF1BFEB1D7F56F300908302 /* PBXContainerItemProxy */;
		};
/* End PBXTargetDependency section */

/* Begin PBXVariantGroup section */
		0AF1BFD21D7F56F300908302 /* Main.storyboard */ = {
			isa = PBXVariantGroup;
			children = (
				0AF1BFD31D7F56F300908302 /* Base */,
			);
			name = Main.storyboard;
			sourceTree = "<group>";
		};
		0AF1BFD71D7F56F300908302 /* LaunchScreen.storyboard */ = {
			isa = PBXVariantGroup;
			children = (
				0AF1BFD81D7F56F300908302 /* Base */,
			);
			name = LaunchScreen.storyboard;
			sourceTree = "<group>";
		};
/* End PBXVariantGroup section */

/* Begin XCBuildConfiguration section */
		0AF1BFF11D7F56F300908302 /* Debug */ = {
			isa = XCBuildConfiguration;
			buildSettings = {
				ALWAYS_SEARCH_USER_PATHS = NO;
				CLANG_ANALYZER_NONNULL = YES;
				CLANG_CXX_LANGUAGE_STANDARD = "gnu++0x";
				CLANG_CXX_LIBRARY = "libc++";
				CLANG_ENABLE_MODULES = YES;
				CLANG_ENABLE_OBJC_ARC = YES;
				CLANG_WARN_BOOL_CONVERSION = YES;
				CLANG_WARN_CONSTANT_CONVERSION = YES;
				CLANG_WARN_DIRECT_OBJC_ISA_USAGE = YES_ERROR;
				CLANG_WARN_EMPTY_BODY = YES;
				CLANG_WARN_ENUM_CONVERSION = YES;
				CLANG_WARN_INT_CONVERSION = YES;
				CLANG_WARN_OBJC_ROOT_CLASS = YES_ERROR;
				CLANG_WARN_UNREACHABLE_CODE = YES;
				CLANG_WARN__DUPLICATE_METHOD_MATCH = YES;
				"CODE_SIGN_IDENTITY[sdk=iphoneos*]" = "iPhone Developer";
				COPY_PHASE_STRIP = NO;
				DEBUG_INFORMATION_FORMAT = dwarf;
				ENABLE_STRICT_OBJC_MSGSEND = YES;
				ENABLE_TESTABILITY = YES;
				GCC_C_LANGUAGE_STANDARD = gnu99;
				GCC_DYNAMIC_NO_PIC = NO;
				GCC_NO_COMMON_BLOCKS = YES;
				GCC_OPTIMIZATION_LEVEL = 0;
				GCC_PREPROCESSOR_DEFINITIONS = (
					"DEBUG=1",
					"$(inherited)",
				);
				GCC_WARN_64_TO_32_BIT_CONVERSION = YES;
				GCC_WARN_ABOUT_RETURN_TYPE = YES_ERROR;
				GCC_WARN_UNDECLARED_SELECTOR = YES;
				GCC_WARN_UNINITIALIZED_AUTOS = YES_AGGRESSIVE;
				GCC_WARN_UNUSED_FUNCTION = YES;
				GCC_WARN_UNUSED_VARIABLE = YES;
				IPHONEOS_DEPLOYMENT_TARGET = 9.3;
				MTL_ENABLE_DEBUG_INFO = YES;
				ONLY_ACTIVE_ARCH = YES;
				SDKROOT = iphoneos;
				TARGETED_DEVICE_FAMILY = "1,2";
			};
			name = Debug;
		};
		0AF1BFF21D7F56F300908302 /* Release */ = {
			isa = XCBuildConfiguration;
			buildSettings = {
				ALWAYS_SEARCH_USER_PATHS = NO;
				CLANG_ANALYZER_NONNULL = YES;
				CLANG_CXX_LANGUAGE_STANDARD = "gnu++0x";
				CLANG_CXX_LIBRARY = "libc++";
				CLANG_ENABLE_MODULES = YES;
				CLANG_ENABLE_OBJC_ARC = YES;
				CLANG_WARN_BOOL_CONVERSION = YES;
				CLANG_WARN_CONSTANT_CONVERSION = YES;
				CLANG_WARN_DIRECT_OBJC_ISA_USAGE = YES_ERROR;
				CLANG_WARN_EMPTY_BODY = YES;
				CLANG_WARN_ENUM_CONVERSION = YES;
				CLANG_WARN_INT_CONVERSION = YES;
				CLANG_WARN_OBJC_ROOT_CLASS = YES_ERROR;
				CLANG_WARN_UNREACHABLE_CODE = YES;
				CLANG_WARN__DUPLICATE_METHOD_MATCH = YES;
				"CODE_SIGN_IDENTITY[sdk=iphoneos*]" = "iPhone Developer";
				COPY_PHASE_STRIP = NO;
				DEBUG_INFORMATION_FORMAT = "dwarf-with-dsym";
				ENABLE_NS_ASSERTIONS = NO;
				ENABLE_STRICT_OBJC_MSGSEND = YES;
				GCC_C_LANGUAGE_STANDARD = gnu99;
				GCC_NO_COMMON_BLOCKS = YES;
				GCC_WARN_64_TO_32_BIT_CONVERSION = YES;
				GCC_WARN_ABOUT_RETURN_TYPE = YES_ERROR;
				GCC_WARN_UNDECLARED_SELECTOR = YES;
				GCC_WARN_UNINITIALIZED_AUTOS = YES_AGGRESSIVE;
				GCC_WARN_UNUSED_FUNCTION = YES;
				GCC_WARN_UNUSED_VARIABLE = YES;
				IPHONEOS_DEPLOYMENT_TARGET = 9.3;
				MTL_ENABLE_DEBUG_INFO = NO;
				SDKROOT = iphoneos;
				TARGETED_DEVICE_FAMILY = "1,2";
				VALIDATE_PRODUCT = YES;
			};
			name = Release;
		};
		0AF1BFF41D7F56F300908302 /* Debug */ = {
			isa = XCBuildConfiguration;
			baseConfigurationReference = 8E85BED9EFC3CB6A01C923B0 /* Pods-SinkOrSwim.debug.xcconfig */;
			buildSettings = {
				ASSETCATALOG_COMPILER_APPICON_NAME = AppIcon;
				INFOPLIST_FILE = SinkOrSwim/Info.plist;
				LD_RUNPATH_SEARCH_PATHS = "$(inherited) @executable_path/Frameworks";
				PRODUCT_BUNDLE_IDENTIFIER = com.jpadkins.SinkOrSwim;
				PRODUCT_NAME = "$(TARGET_NAME)";
			};
			name = Debug;
		};
		0AF1BFF51D7F56F300908302 /* Release */ = {
			isa = XCBuildConfiguration;
			baseConfigurationReference = 34A9A76AC5F99FDF4CDC4169 /* Pods-SinkOrSwim.release.xcconfig */;
			buildSettings = {
				ASSETCATALOG_COMPILER_APPICON_NAME = AppIcon;
				INFOPLIST_FILE = SinkOrSwim/Info.plist;
				LD_RUNPATH_SEARCH_PATHS = "$(inherited) @executable_path/Frameworks";
				PRODUCT_BUNDLE_IDENTIFIER = com.jpadkins.SinkOrSwim;
				PRODUCT_NAME = "$(TARGET_NAME)";
			};
			name = Release;
		};
		0AF1BFF71D7F56F300908302 /* Debug */ = {
			isa = XCBuildConfiguration;
			baseConfigurationReference = E26F32F5D133E69CBAF1BEC8 /* Pods-SinkOrSwimTests.debug.xcconfig */;
			buildSettings = {
				BUNDLE_LOADER = "$(TEST_HOST)";
				INFOPLIST_FILE = SinkOrSwimTests/Info.plist;
				LD_RUNPATH_SEARCH_PATHS = "$(inherited) @executable_path/Frameworks @loader_path/Frameworks";
				PRODUCT_BUNDLE_IDENTIFIER = com.jpadkins.SinkOrSwimTests;
				PRODUCT_NAME = "$(TARGET_NAME)";
				TEST_HOST = "$(BUILT_PRODUCTS_DIR)/SinkOrSwim.app/SinkOrSwim";
			};
			name = Debug;
		};
		0AF1BFF81D7F56F300908302 /* Release */ = {
			isa = XCBuildConfiguration;
			baseConfigurationReference = F53884787980B6557C04F9BD /* Pods-SinkOrSwimTests.release.xcconfig */;
			buildSettings = {
				BUNDLE_LOADER = "$(TEST_HOST)";
				INFOPLIST_FILE = SinkOrSwimTests/Info.plist;
				LD_RUNPATH_SEARCH_PATHS = "$(inherited) @executable_path/Frameworks @loader_path/Frameworks";
				PRODUCT_BUNDLE_IDENTIFIER = com.jpadkins.SinkOrSwimTests;
				PRODUCT_NAME = "$(TARGET_NAME)";
				TEST_HOST = "$(BUILT_PRODUCTS_DIR)/SinkOrSwim.app/SinkOrSwim";
			};
			name = Release;
		};
		0AF1BFFA1D7F56F300908302 /* Debug */ = {
			isa = XCBuildConfiguration;
			baseConfigurationReference = 3DE05E84568398B3332C6027 /* Pods-SinkOrSwimUITests.debug.xcconfig */;
			buildSettings = {
				INFOPLIST_FILE = SinkOrSwimUITests/Info.plist;
				LD_RUNPATH_SEARCH_PATHS = "$(inherited) @executable_path/Frameworks @loader_path/Frameworks";
				PRODUCT_BUNDLE_IDENTIFIER = com.jpadkins.SinkOrSwimUITests;
				PRODUCT_NAME = "$(TARGET_NAME)";
				TEST_TARGET_NAME = SinkOrSwim;
			};
			name = Debug;
		};
		0AF1BFFB1D7F56F300908302 /* Release */ = {
			isa = XCBuildConfiguration;
			baseConfigurationReference = 8A7C727AB22F599D62D787C2 /* Pods-SinkOrSwimUITests.release.xcconfig */;
			buildSettings = {
				INFOPLIST_FILE = SinkOrSwimUITests/Info.plist;
				LD_RUNPATH_SEARCH_PATHS = "$(inherited) @executable_path/Frameworks @loader_path/Frameworks";
				PRODUCT_BUNDLE_IDENTIFIER = com.jpadkins.SinkOrSwimUITests;
				PRODUCT_NAME = "$(TARGET_NAME)";
				TEST_TARGET_NAME = SinkOrSwim;
			};
			name = Release;
		};
/* End XCBuildConfiguration section */

/* Begin XCConfigurationList section */
		0AF1BFC11D7F56F300908302 /* Build configuration list for PBXProject "SinkOrSwim" */ = {
			isa = XCConfigurationList;
			buildConfigurations = (
				0AF1BFF11D7F56F300908302 /* Debug */,
				0AF1BFF21D7F56F300908302 /* Release */,
			);
			defaultConfigurationIsVisible = 0;
			defaultConfigurationName = Release;
		};
		0AF1BFF31D7F56F300908302 /* Build configuration list for PBXNativeTarget "SinkOrSwim" */ = {
			isa = XCConfigurationList;
			buildConfigurations = (
				0AF1BFF41D7F56F300908302 /* Debug */,
				0AF1BFF51D7F56F300908302 /* Release */,
			);
			defaultConfigurationIsVisible = 0;
			defaultConfigurationName = Release;
		};
		0AF1BFF61D7F56F300908302 /* Build configuration list for PBXNativeTarget "SinkOrSwimTests" */ = {
			isa = XCConfigurationList;
			buildConfigurations = (
				0AF1BFF71D7F56F300908302 /* Debug */,
				0AF1BFF81D7F56F300908302 /* Release */,
			);
			defaultConfigurationIsVisible = 0;
			defaultConfigurationName = Release;
		};
		0AF1BFF91D7F56F300908302 /* Build configuration list for PBXNativeTarget "SinkOrSwimUITests" */ = {
			isa = XCConfigurationList;
			buildConfigurations = (
				0AF1BFFA1D7F56F300908302 /* Debug */,
				0AF1BFFB1D7F56F300908302 /* Release */,
			);
			defaultConfigurationIsVisible = 0;
			defaultConfigurationName = Release;
		};
/* End XCConfigurationList section */
	};
	rootObject = 0AF1BFBE1D7F56F300908302 /* Project object */;
}
